
Microsoft Visual Studio Solution File, Format Version 12.00
# Visual Studio 15
VisualStudioVersion = 15.0.28307.438
MinimumVisualStudioVersion = 10.0.40219.1
Project("{FAE04EC0-301F-11D3-BF4B-00C04F79EFBC}") = "ComputerGraphicsAlgorithms", "ComputerGraphicsAlgorithms\ComputerGraphicsAlgorithms.csproj", "{EE2C1228-EF82-4309-8DD0-8233976D818A}"
EndProject
Global
	GlobalSection(SolutionConfigurationPlatforms) = preSolution
		Debug|Any CPU = Debug|Any CPU
		Release|Any CPU = Release|Any CPU
	EndGlobalSection
	GlobalSection(ProjectConfigurationPlatforms) = postSolution
		{EE2C1228-EF82-4309-8DD0-8233976D818A}.Debug|Any CPU.ActiveCfg = Debug|Any CPU
		{EE2C1228-EF82-4309-8DD0-8233976D818A}.Debug|Any CPU.Build.0 = Debug|Any CPU
		{EE2C1228-EF82-4309-8DD0-8233976D818A}.Release|Any CPU.ActiveCfg = Release|Any CPU
		{EE2C1228-EF82-4309-8DD0-8233976D818A}.Release|Any CPU.Build.0 = Release|Any CPU
	EndGlobalSection
	GlobalSection(SolutionProperties) = preSolution
		HideSolutionNode = FALSE
	EndGlobalSection
	GlobalSection(ExtensibilityGlobals) = postSolution
		SolutionGuid = {736F14EF-0325-40B1-9451-26B1D198C76C}
	EndGlobalSection
EndGlobal
